
Microsoft Visual Studio Solution File, Format Version 12.00
# Visual Studio Version 16
VisualStudioVersion = 16.0.809.2
MinimumVisualStudioVersion = 10.0.40219.1
Project("{FAE04EC0-301F-11D3-BF4B-00C04F79EFBC}") = "Business", "Business\Business.csproj", "{8FD54DDD-D57D-43D8-8A29-3ECF68FB3277}"
EndProject
Project("{FAE04EC0-301F-11D3-BF4B-00C04F79EFBC}") = "Core", "Core\Core.csproj", "{83758146-10E0-47DC-8578-43D61BDEAA39}"
EndProject
Project("{FAE04EC0-301F-11D3-BF4B-00C04F79EFBC}") = "DataAccess", "DataAccess\DataAccess.csproj", "{0E4F81B8-CE3C-44D5-91AF-D016E3DE48CA}"
EndProject
Project("{FAE04EC0-301F-11D3-BF4B-00C04F79EFBC}") = "Entities", "Entities\Entities.csproj", "{F9CB4A5C-2C69-4E5B-B773-46161B34AF25}"
EndProject
Project("{FAE04EC0-301F-11D3-BF4B-00C04F79EFBC}") = "WebAPI", "WebAPI\WebAPI.csproj", "{03215798-BFB4-44A9-A806-36A74DE2CB33}"
EndProject
Global
	GlobalSection(SolutionConfigurationPlatforms) = preSolution
		Debug|Any CPU = Debug|Any CPU
		Release|Any CPU = Release|Any CPU
	EndGlobalSection
	GlobalSection(ProjectConfigurationPlatforms) = postSolution
		{8FD54DDD-D57D-43D8-8A29-3ECF68FB3277}.Debug|Any CPU.ActiveCfg = Debug|Any CPU
		{8FD54DDD-D57D-43D8-8A29-3ECF68FB3277}.Debug|Any CPU.Build.0 = Debug|Any CPU
		{8FD54DDD-D57D-43D8-8A29-3ECF68FB3277}.Release|Any CPU.ActiveCfg = Release|Any CPU
		{8FD54DDD-D57D-43D8-8A29-3ECF68FB3277}.Release|Any CPU.Build.0 = Release|Any CPU
		{83758146-10E0-47DC-8578-43D61BDEAA39}.Debug|Any CPU.ActiveCfg = Debug|Any CPU
		{83758146-10E0-47DC-8578-43D61BDEAA39}.Debug|Any CPU.Build.0 = Debug|Any CPU
		{83758146-10E0-47DC-8578-43D61BDEAA39}.Release|Any CPU.ActiveCfg = Release|Any CPU
		{83758146-10E0-47DC-8578-43D61BDEAA39}.Release|Any CPU.Build.0 = Release|Any CPU
		{0E4F81B8-CE3C-44D5-91AF-D016E3DE48CA}.Debug|Any CPU.ActiveCfg = Debug|Any CPU
		{0E4F81B8-CE3C-44D5-91AF-D016E3DE48CA}.Debug|Any CPU.Build.0 = Debug|Any CPU
		{0E4F81B8-CE3C-44D5-91AF-D016E3DE48CA}.Release|Any CPU.ActiveCfg = Release|Any CPU
		{0E4F81B8-CE3C-44D5-91AF-D016E3DE48CA}.Release|Any CPU.Build.0 = Release|Any CPU
		{F9CB4A5C-2C69-4E5B-B773-46161B34AF25}.Debug|Any CPU.ActiveCfg = Debug|Any CPU
		{F9CB4A5C-2C69-4E5B-B773-46161B34AF25}.Debug|Any CPU.Build.0 = Debug|Any CPU
		{F9CB4A5C-2C69-4E5B-B773-46161B34AF25}.Release|Any CPU.ActiveCfg = Release|Any CPU
		{F9CB4A5C-2C69-4E5B-B773-46161B34AF25}.Release|Any CPU.Build.0 = Release|Any CPU
		{03215798-BFB4-44A9-A806-36A74DE2CB33}.Debug|Any CPU.ActiveCfg = Debug|Any CPU
		{03215798-BFB4-44A9-A806-36A74DE2CB33}.Debug|Any CPU.Build.0 = Debug|Any CPU
		{03215798-BFB4-44A9-A806-36A74DE2CB33}.Release|Any CPU.ActiveCfg = Release|Any CPU
		{03215798-BFB4-44A9-A806-36A74DE2CB33}.Release|Any CPU.Build.0 = Release|Any CPU
	EndGlobalSection
	GlobalSection(SolutionProperties) = preSolution
		HideSolutionNode = FALSE
	EndGlobalSection
	GlobalSection(ExtensibilityGlobals) = postSolution
		SolutionGuid = {C134D0DA-C5C0-48DB-99C2-51F8C26171CA}
	EndGlobalSection
EndGlobal
